{
  "name": "front_end",
  "lockfileVersion": 3,
  "requires": true,
  "packages": {
    "": {
      "dependencies": {
        "@tanstack/react-query": "^5.94.5"
      }
    },
    "node_modules/@tanstack/query-core": {
      "version": "5.94.5",
      "resolved": "https://registry.npmjs.org/@tanstack/query-core/-/query-core-5.94.5.tgz",
      "integrity": "sha512-Vx1JJiBURW/wdNGP45afjrqn0LfxYwL7K/bSrQvNRtyLGF1bxQPgUXCpzscG29e+UeFOh9hz1KOVala0N+bZiA==",
      "license": "MIT",
      "funding": {
        "type": "github",
        "url": "https://github.com/sponsors/tannerlinsley"
      }
    },
    "node_modules/@tanstack/react-query": {
      "version": "5.94.5",
      "resolved": "https://registry.npmjs.org/@tanstack/react-query/-/react-query-5.94.5.tgz",
      "integrity": "sha512-1wmrxKFkor+q8l+ygdHmv0Sq5g84Q3p4xvuJ7AdSIAhQQ7udOt+ZSZ19g1Jea3mHqtlTslLGJsmC4vHFgP0P3A==",
      "license": "MIT",
      "dependencies": {
        "@tanstack/query-core": "5.94.5"
      },
      "funding": {
        "type": "github",
        "url": "https://github.com/sponsors/tannerlinsley"
      },
      "peerDependencies": {
        "react": "^18 || ^19"
      }
    },
    "node_modules/react": {
      "version": "19.2.4",
      "resolved": "https://registry.npmjs.org/react/-/react-19.2.4.tgz",
      "integrity": "sha512-9nfp2hYpCwOjAN+8TZFGhtWEwgvWHXqESH8qT89AT/lWklpLON22Lc8pEtnpsZz7VmawabSU0gCjnj8aC0euHQ==",
      "license": "MIT",
      "peer": true,
      "engines": {
        "node": ">=0.10.0"
      }
    }
  }
}
